// !$*UTF8*$!
{
	archiveVersion = 1;
	classes = {
	};
	objectVersion = 50;
	objects = {

/* Begin PBXBuildFile section */
		3E9DADAE2350CAAE00AAEF60 /* AppDelegate.swift in Sources */ = {isa = PBXBuildFile; fileRef = 3E9DADAD2350CAAE00AAEF60 /* AppDelegate.swift */; };
		3E9DADB02350CAAE00AAEF60 /* SceneDelegate.swift in Sources */ = {isa = PBXBuildFile; fileRef = 3E9DADAF2350CAAE00AAEF60 /* SceneDelegate.swift */; };
		3E9DADB22350CAAE00AAEF60 /* ViewController.swift in Sources */ = {isa = PBXBuildFile; fileRef = 3E9DADB12350CAAE00AAEF60 /* ViewController.swift */; };
		3E9DADB52350CAAE00AAEF60 /* Main.storyboard in Resources */ = {isa = PBXBuildFile; fileRef = 3E9DADB32350CAAE00AAEF60 /* Main.storyboard */; };
		3E9DADB72350CAAF00AAEF60 /* Assets.xcassets in Resources */ = {isa = PBXBuildFile; fileRef = 3E9DADB62350CAAF00AAEF60 /* Assets.xcassets */; };
		3E9DADBA2350CAAF00AAEF60 /* LaunchScreen.storyboard in Resources */ = {isa = PBXBuildFile; fileRef = 3E9DADB82350CAAF00AAEF60 /* LaunchScreen.storyboard */; };
		3E9DADC32350CC5F00AAEF60 /* UIViewExtensions.swift in Sources */ = {isa = PBXBuildFile; fileRef = 3E9DADC22350CC5F00AAEF60 /* UIViewExtensions.swift */; };
		3E9DADC52350CE2900AAEF60 /* UIViewControllerExtensions.swift in Sources */ = {isa = PBXBuildFile; fileRef = 3E9DADC42350CE2900AAEF60 /* UIViewControllerExtensions.swift */; };
		3E9DADC72350CFEC00AAEF60 /* UIWindowExtensions.swift in Sources */ = {isa = PBXBuildFile; fileRef = 3E9DADC62350CFEC00AAEF60 /* UIWindowExtensions.swift */; };
		3E9DADC92350D04A00AAEF60 /* UIImageViewExtensions.swift in Sources */ = {isa = PBXBuildFile; fileRef = 3E9DADC82350D04A00AAEF60 /* UIImageViewExtensions.swift */; };
		3E9DADCB2350D0EF00AAEF60 /* UIApplicationExtensions.swift in Sources */ = {isa = PBXBuildFile; fileRef = 3E9DADCA2350D0EF00AAEF60 /* UIApplicationExtensions.swift */; };
		3E9DADD12350D17100AAEF60 /* UINavigationBarExtensions.swift in Sources */ = {isa = PBXBuildFile; fileRef = 3E9DADD02350D17100AAEF60 /* UINavigationBarExtensions.swift */; };
		3E9DADD32350D1F500AAEF60 /* UITextFieldExtensions.swift in Sources */ = {isa = PBXBuildFile; fileRef = 3E9DADD22350D1F500AAEF60 /* UITextFieldExtensions.swift */; };
		3E9DADD72350D30A00AAEF60 /* ArrayExtensions.swift in Sources */ = {isa = PBXBuildFile; fileRef = 3E9DADD62350D30A00AAEF60 /* ArrayExtensions.swift */; };
		3E9DADD92350D34F00AAEF60 /* DateExtensions.swift in Sources */ = {isa = PBXBuildFile; fileRef = 3E9DADD82350D34E00AAEF60 /* DateExtensions.swift */; };
		3E9DADDB2350D48900AAEF60 /* UserDefaultsExtensions.swift in Sources */ = {isa = PBXBuildFile; fileRef = 3E9DADDA2350D48900AAEF60 /* UserDefaultsExtensions.swift */; };
		3E9DADDD2350D55D00AAEF60 /* UITableviewExtensions.swift in Sources */ = {isa = PBXBuildFile; fileRef = 3E9DADDC2350D55D00AAEF60 /* UITableviewExtensions.swift */; };
		3E9DADDF2350D65C00AAEF60 /* UIDeviceExtensions.swift in Sources */ = {isa = PBXBuildFile; fileRef = 3E9DADDE2350D65C00AAEF60 /* UIDeviceExtensions.swift */; };
		3E9DADE42350D9FC00AAEF60 /* ScheduledSoundsData.swift in Sources */ = {isa = PBXBuildFile; fileRef = 3E9DADE32350D9FC00AAEF60 /* ScheduledSoundsData.swift */; };
		3E9DADE62350DA6400AAEF60 /* ScheduledSoundsDetailViewController.swift in Sources */ = {isa = PBXBuildFile; fileRef = 3E9DADE52350DA6400AAEF60 /* ScheduledSoundsDetailViewController.swift */; };
		3E9DADE82350DCB600AAEF60 /* HSScheduledSoundsFrequencyViewController.swift in Sources */ = {isa = PBXBuildFile; fileRef = 3E9DADE72350DCB600AAEF60 /* HSScheduledSoundsFrequencyViewController.swift */; };
		3E9DADE92350DCCE00AAEF60 /* ScheduledSoundsManager.swift in Sources */ = {isa = PBXBuildFile; fileRef = 3E9DADE12350D95000AAEF60 /* ScheduledSoundsManager.swift */; };
		3E9DADEB2350DD3E00AAEF60 /* UIFontExtensions.swift in Sources */ = {isa = PBXBuildFile; fileRef = 3E9DADEA2350DD3E00AAEF60 /* UIFontExtensions.swift */; };
		3E9DADED2350DE1700AAEF60 /* NSAttributedStringExtensions.swift in Sources */ = {isa = PBXBuildFile; fileRef = 3E9DADEC2350DE1700AAEF60 /* NSAttributedStringExtensions.swift */; };
/* End PBXBuildFile section */

/* Begin PBXFileReference section */
		3E9DADAA2350CAAE00AAEF60 /* SampleProjet.app */ = {isa = PBXFileReference; explicitFileType = wrapper.application; includeInIndex = 0; path = SampleProjet.app; sourceTree = BUILT_PRODUCTS_DIR; };
		3E9DADAD2350CAAE00AAEF60 /* AppDelegate.swift */ = {isa = PBXFileReference; lastKnownFileType = sourcecode.swift; path = AppDelegate.swift; sourceTree = "<group>"; };
		3E9DADAF2350CAAE00AAEF60 /* SceneDelegate.swift */ = {isa = PBXFileReference; lastKnownFileType = sourcecode.swift; path = SceneDelegate.swift; sourceTree = "<group>"; };
		3E9DADB12350CAAE00AAEF60 /* ViewController.swift */ = {isa = PBXFileReference; lastKnownFileType = sourcecode.swift; path = ViewController.swift; sourceTree = "<group>"; };
		3E9DADB42350CAAE00AAEF60 /* Base */ = {isa = PBXFileReference; lastKnownFileType = file.storyboard; name = Base; path = Base.lproj/Main.storyboard; sourceTree = "<group>"; };
		3E9DADB62350CAAF00AAEF60 /* Assets.xcassets */ = {isa = PBXFileReference; lastKnownFileType = folder.assetcatalog; path = Assets.xcassets; sourceTree = "<group>"; };
		3E9DADB92350CAAF00AAEF60 /* Base */ = {isa = PBXFileReference; lastKnownFileType = file.storyboard; name = Base; path = Base.lproj/LaunchScreen.storyboard; sourceTree = "<group>"; };
		3E9DADBB2350CAAF00AAEF60 /* Info.plist */ = {isa = PBXFileReference; lastKnownFileType = text.plist.xml; path = Info.plist; sourceTree = "<group>"; };
		3E9DADC22350CC5F00AAEF60 /* UIViewExtensions.swift */ = {isa = PBXFileReference; lastKnownFileType = sourcecode.swift; path = UIViewExtensions.swift; sourceTree = "<group>"; };
		3E9DADC42350CE2900AAEF60 /* UIViewControllerExtensions.swift */ = {isa = PBXFileReference; lastKnownFileType = sourcecode.swift; path = UIViewControllerExtensions.swift; sourceTree = "<group>"; };
		3E9DADC62350CFEC00AAEF60 /* UIWindowExtensions.swift */ = {isa = PBXFileReference; lastKnownFileType = sourcecode.swift; path = UIWindowExtensions.swift; sourceTree = "<group>"; };
		3E9DADC82350D04A00AAEF60 /* UIImageViewExtensions.swift */ = {isa = PBXFileReference; lastKnownFileType = sourcecode.swift; path = UIImageViewExtensions.swift; sourceTree = "<group>"; };
		3E9DADCA2350D0EF00AAEF60 /* UIApplicationExtensions.swift */ = {isa = PBXFileReference; lastKnownFileType = sourcecode.swift; path = UIApplicationExtensions.swift; sourceTree = "<group>"; };
		3E9DADD02350D17100AAEF60 /* UINavigationBarExtensions.swift */ = {isa = PBXFileReference; lastKnownFileType = sourcecode.swift; path = UINavigationBarExtensions.swift; sourceTree = "<group>"; };
		3E9DADD22350D1F500AAEF60 /* UITextFieldExtensions.swift */ = {isa = PBXFileReference; lastKnownFileType = sourcecode.swift; path = UITextFieldExtensions.swift; sourceTree = "<group>"; };
		3E9DADD62350D30A00AAEF60 /* ArrayExtensions.swift */ = {isa = PBXFileReference; lastKnownFileType = sourcecode.swift; path = ArrayExtensions.swift; sourceTree = "<group>"; };
		3E9DADD82350D34E00AAEF60 /* DateExtensions.swift */ = {isa = PBXFileReference; lastKnownFileType = sourcecode.swift; path = DateExtensions.swift; sourceTree = "<group>"; };
		3E9DADDA2350D48900AAEF60 /* UserDefaultsExtensions.swift */ = {isa = PBXFileReference; lastKnownFileType = sourcecode.swift; path = UserDefaultsExtensions.swift; sourceTree = "<group>"; };
		3E9DADDC2350D55D00AAEF60 /* UITableviewExtensions.swift */ = {isa = PBXFileReference; lastKnownFileType = sourcecode.swift; path = UITableviewExtensions.swift; sourceTree = "<group>"; };
		3E9DADDE2350D65C00AAEF60 /* UIDeviceExtensions.swift */ = {isa = PBXFileReference; lastKnownFileType = sourcecode.swift; path = UIDeviceExtensions.swift; sourceTree = "<group>"; };
		3E9DADE12350D95000AAEF60 /* ScheduledSoundsManager.swift */ = {isa = PBXFileReference; lastKnownFileType = sourcecode.swift; path = ScheduledSoundsManager.swift; sourceTree = "<group>"; };
		3E9DADE32350D9FC00AAEF60 /* ScheduledSoundsData.swift */ = {isa = PBXFileReference; lastKnownFileType = sourcecode.swift; path = ScheduledSoundsData.swift; sourceTree = "<group>"; };
		3E9DADE52350DA6400AAEF60 /* ScheduledSoundsDetailViewController.swift */ = {isa = PBXFileReference; lastKnownFileType = sourcecode.swift; path = ScheduledSoundsDetailViewController.swift; sourceTree = "<group>"; };
		3E9DADE72350DCB600AAEF60 /* HSScheduledSoundsFrequencyViewController.swift */ = {isa = PBXFileReference; lastKnownFileType = sourcecode.swift; path = HSScheduledSoundsFrequencyViewController.swift; sourceTree = "<group>"; };
		3E9DADEA2350DD3E00AAEF60 /* UIFontExtensions.swift */ = {isa = PBXFileReference; lastKnownFileType = sourcecode.swift; path = UIFontExtensions.swift; sourceTree = "<group>"; };
		3E9DADEC2350DE1700AAEF60 /* NSAttributedStringExtensions.swift */ = {isa = PBXFileReference; lastKnownFileType = sourcecode.swift; path = NSAttributedStringExtensions.swift; sourceTree = "<group>"; };
/* End PBXFileReference section */

/* Begin PBXFrameworksBuildPhase section */
		3E9DADA72350CAAE00AAEF60 /* Frameworks */ = {
			isa = PBXFrameworksBuildPhase;
			buildActionMask = 2147483647;
			files = (
			);
			runOnlyForDeploymentPostprocessing = 0;
		};
/* End PBXFrameworksBuildPhase section */

/* Begin PBXGroup section */
		3E9DADA12350CAAE00AAEF60 = {
			isa = PBXGroup;
			children = (
				3E9DADAC2350CAAE00AAEF60 /* SampleProjet */,
				3E9DADAB2350CAAE00AAEF60 /* Products */,
			);
			sourceTree = "<group>";
		};
		3E9DADAB2350CAAE00AAEF60 /* Products */ = {
			isa = PBXGroup;
			children = (
				3E9DADAA2350CAAE00AAEF60 /* SampleProjet.app */,
			);
			name = Products;
			sourceTree = "<group>";
		};
		3E9DADAC2350CAAE00AAEF60 /* SampleProjet */ = {
			isa = PBXGroup;
			children = (
				3E9DADE02350D93700AAEF60 /* Random Code Samples */,
				3E9DADC12350CC3400AAEF60 /* Extensions */,
				3E9DADAD2350CAAE00AAEF60 /* AppDelegate.swift */,
				3E9DADAF2350CAAE00AAEF60 /* SceneDelegate.swift */,
				3E9DADB12350CAAE00AAEF60 /* ViewController.swift */,
				3E9DADB32350CAAE00AAEF60 /* Main.storyboard */,
				3E9DADB62350CAAF00AAEF60 /* Assets.xcassets */,
				3E9DADB82350CAAF00AAEF60 /* LaunchScreen.storyboard */,
				3E9DADBB2350CAAF00AAEF60 /* Info.plist */,
			);
			path = SampleProjet;
			sourceTree = "<group>";
		};
		3E9DADC12350CC3400AAEF60 /* Extensions */ = {
			isa = PBXGroup;
			children = (
				3E9DADD52350D2EB00AAEF60 /* Foundation */,
				3E9DADD42350D2CF00AAEF60 /* UIKit */,
			);
			path = Extensions;
			sourceTree = "<group>";
		};
		3E9DADD42350D2CF00AAEF60 /* UIKit */ = {
			isa = PBXGroup;
			children = (
				3E9DADCA2350D0EF00AAEF60 /* UIApplicationExtensions.swift */,
				3E9DADDE2350D65C00AAEF60 /* UIDeviceExtensions.swift */,
				3E9DADC82350D04A00AAEF60 /* UIImageViewExtensions.swift */,
				3E9DADD02350D17100AAEF60 /* UINavigationBarExtensions.swift */,
				3E9DADD22350D1F500AAEF60 /* UITextFieldExtensions.swift */,
				3E9DADDC2350D55D00AAEF60 /* UITableviewExtensions.swift */,
				3E9DADEA2350DD3E00AAEF60 /* UIFontExtensions.swift */,
				3E9DADC42350CE2900AAEF60 /* UIViewControllerExtensions.swift */,
				3E9DADC22350CC5F00AAEF60 /* UIViewExtensions.swift */,
				3E9DADC62350CFEC00AAEF60 /* UIWindowExtensions.swift */,
				3E9DADEC2350DE1700AAEF60 /* NSAttributedStringExtensions.swift */,
			);
			path = UIKit;
			sourceTree = "<group>";
		};
		3E9DADD52350D2EB00AAEF60 /* Foundation */ = {
			isa = PBXGroup;
			children = (
				3E9DADD62350D30A00AAEF60 /* ArrayExtensions.swift */,
				3E9DADD82350D34E00AAEF60 /* DateExtensions.swift */,
				3E9DADDA2350D48900AAEF60 /* UserDefaultsExtensions.swift */,
			);
			path = Foundation;
			sourceTree = "<group>";
		};
		3E9DADE02350D93700AAEF60 /* Random Code Samples */ = {
			isa = PBXGroup;
			children = (
				3E9DADE12350D95000AAEF60 /* ScheduledSoundsManager.swift */,
				3E9DADE32350D9FC00AAEF60 /* ScheduledSoundsData.swift */,
				3E9DADE52350DA6400AAEF60 /* ScheduledSoundsDetailViewController.swift */,
				3E9DADE72350DCB600AAEF60 /* HSScheduledSoundsFrequencyViewController.swift */,
			);
			path = "Random Code Samples";
			sourceTree = "<group>";
		};
/* End PBXGroup section */

/* Begin PBXNativeTarget section */
		3E9DADA92350CAAE00AAEF60 /* SampleProjet */ = {
			isa = PBXNativeTarget;
			buildConfigurationList = 3E9DADBE2350CAAF00AAEF60 /* Build configuration list for PBXNativeTarget "SampleProjet" */;
			buildPhases = (
				3E9DADA62350CAAE00AAEF60 /* Sources */,
				3E9DADA72350CAAE00AAEF60 /* Frameworks */,
				3E9DADA82350CAAE00AAEF60 /* Resources */,
			);
			buildRules = (
			);
			dependencies = (
			);
			name = SampleProjet;
			productName = SampleProjet;
			productReference = 3E9DADAA2350CAAE00AAEF60 /* SampleProjet.app */;
			productType = "com.apple.product-type.application";
		};
/* End PBXNativeTarget section */

/* Begin PBXProject section */
		3E9DADA22350CAAE00AAEF60 /* Project object */ = {
			isa = PBXProject;
			attributes = {
				LastSwiftUpdateCheck = 1110;
				LastUpgradeCheck = 1110;
				ORGANIZATIONNAME = "Jason Jardim";
				TargetAttributes = {
					3E9DADA92350CAAE00AAEF60 = {
						CreatedOnToolsVersion = 11.1;
					};
				};
			};
			buildConfigurationList = 3E9DADA52350CAAE00AAEF60 /* Build configuration list for PBXProject "SampleProjet" */;
			compatibilityVersion = "Xcode 9.3";
			developmentRegion = en;
			hasScannedForEncodings = 0;
			knownRegions = (
				en,
				Base,
			);
			mainGroup = 3E9DADA12350CAAE00AAEF60;
			productRefGroup = 3E9DADAB2350CAAE00AAEF60 /* Products */;
			projectDirPath = "";
			projectRoot = "";
			targets = (
				3E9DADA92350CAAE00AAEF60 /* SampleProjet */,
			);
		};
/* End PBXProject section */

/* Begin PBXResourcesBuildPhase section */
		3E9DADA82350CAAE00AAEF60 /* Resources */ = {
			isa = PBXResourcesBuildPhase;
			buildActionMask = 2147483647;
			files = (
				3E9DADBA2350CAAF00AAEF60 /* LaunchScreen.storyboard in Resources */,
				3E9DADB72350CAAF00AAEF60 /* Assets.xcassets in Resources */,
				3E9DADB52350CAAE00AAEF60 /* Main.storyboard in Resources */,
			);
			runOnlyForDeploymentPostprocessing = 0;
		};
/* End PBXResourcesBuildPhase section */

/* Begin PBXSourcesBuildPhase section */
		3E9DADA62350CAAE00AAEF60 /* Sources */ = {
			isa = PBXSourcesBuildPhase;
			buildActionMask = 2147483647;
			files = (
				3E9DADC92350D04A00AAEF60 /* UIImageViewExtensions.swift in Sources */,
				3E9DADD92350D34F00AAEF60 /* DateExtensions.swift in Sources */,
				3E9DADED2350DE1700AAEF60 /* NSAttributedStringExtensions.swift in Sources */,
				3E9DADEB2350DD3E00AAEF60 /* UIFontExtensions.swift in Sources */,
				3E9DADB22350CAAE00AAEF60 /* ViewController.swift in Sources */,
				3E9DADCB2350D0EF00AAEF60 /* UIApplicationExtensions.swift in Sources */,
				3E9DADDF2350D65C00AAEF60 /* UIDeviceExtensions.swift in Sources */,
				3E9DADD12350D17100AAEF60 /* UINavigationBarExtensions.swift in Sources */,
				3E9DADE62350DA6400AAEF60 /* ScheduledSoundsDetailViewController.swift in Sources */,
				3E9DADAE2350CAAE00AAEF60 /* AppDelegate.swift in Sources */,
				3E9DADC52350CE2900AAEF60 /* UIViewControllerExtensions.swift in Sources */,
				3E9DADDB2350D48900AAEF60 /* UserDefaultsExtensions.swift in Sources */,
				3E9DADC32350CC5F00AAEF60 /* UIViewExtensions.swift in Sources */,
				3E9DADDD2350D55D00AAEF60 /* UITableviewExtensions.swift in Sources */,
				3E9DADE82350DCB600AAEF60 /* HSScheduledSoundsFrequencyViewController.swift in Sources */,
				3E9DADE42350D9FC00AAEF60 /* ScheduledSoundsData.swift in Sources */,
				3E9DADD32350D1F500AAEF60 /* UITextFieldExtensions.swift in Sources */,
				3E9DADB02350CAAE00AAEF60 /* SceneDelegate.swift in Sources */,
				3E9DADC72350CFEC00AAEF60 /* UIWindowExtensions.swift in Sources */,
				3E9DADE92350DCCE00AAEF60 /* ScheduledSoundsManager.swift in Sources */,
				3E9DADD72350D30A00AAEF60 /* ArrayExtensions.swift in Sources */,
			);
			runOnlyForDeploymentPostprocessing = 0;
		};
/* End PBXSourcesBuildPhase section */

/* Begin PBXVariantGroup section */
		3E9DADB32350CAAE00AAEF60 /* Main.storyboard */ = {
			isa = PBXVariantGroup;
			children = (
				3E9DADB42350CAAE00AAEF60 /* Base */,
			);
			name = Main.storyboard;
			sourceTree = "<group>";
		};
		3E9DADB82350CAAF00AAEF60 /* LaunchScreen.storyboard */ = {
			isa = PBXVariantGroup;
			children = (
				3E9DADB92350CAAF00AAEF60 /* Base */,
			);
			name = LaunchScreen.storyboard;
			sourceTree = "<group>";
		};
/* End PBXVariantGroup section */

/* Begin XCBuildConfiguration section */
		3E9DADBC2350CAAF00AAEF60 /* Debug */ = {
			isa = XCBuildConfiguration;
			buildSettings = {
				ALWAYS_SEARCH_USER_PATHS = NO;
				CLANG_ANALYZER_NONNULL = YES;
				CLANG_ANALYZER_NUMBER_OBJECT_CONVERSION = YES_AGGRESSIVE;
				CLANG_CXX_LANGUAGE_STANDARD = "gnu++14";
				CLANG_CXX_LIBRARY = "libc++";
				CLANG_ENABLE_MODULES = YES;
				CLANG_ENABLE_OBJC_ARC = YES;
				CLANG_ENABLE_OBJC_WEAK = YES;
				CLANG_WARN_BLOCK_CAPTURE_AUTORELEASING = YES;
				CLANG_WARN_BOOL_CONVERSION = YES;
				CLANG_WARN_COMMA = YES;
				CLANG_WARN_CONSTANT_CONVERSION = YES;
				CLANG_WARN_DEPRECATED_OBJC_IMPLEMENTATIONS = YES;
				CLANG_WARN_DIRECT_OBJC_ISA_USAGE = YES_ERROR;
				CLANG_WARN_DOCUMENTATION_COMMENTS = YES;
				CLANG_WARN_EMPTY_BODY = YES;
				CLANG_WARN_ENUM_CONVERSION = YES;
				CLANG_WARN_INFINITE_RECURSION = YES;
				CLANG_WARN_INT_CONVERSION = YES;
				CLANG_WARN_NON_LITERAL_NULL_CONVERSION = YES;
				CLANG_WARN_OBJC_IMPLICIT_RETAIN_SELF = YES;
				CLANG_WARN_OBJC_LITERAL_CONVERSION = YES;
				CLANG_WARN_OBJC_ROOT_CLASS = YES_ERROR;
				CLANG_WARN_RANGE_LOOP_ANALYSIS = YES;
				CLANG_WARN_STRICT_PROTOTYPES = YES;
				CLANG_WARN_SUSPICIOUS_MOVE = YES;
				CLANG_WARN_UNGUARDED_AVAILABILITY = YES_AGGRESSIVE;
				CLANG_WARN_UNREACHABLE_CODE = YES;
				CLANG_WARN__DUPLICATE_METHOD_MATCH = YES;
				COPY_PHASE_STRIP = NO;
				DEBUG_INFORMATION_FORMAT = dwarf;
				ENABLE_STRICT_OBJC_MSGSEND = YES;
				ENABLE_TESTABILITY = YES;
				GCC_C_LANGUAGE_STANDARD = gnu11;
				GCC_DYNAMIC_NO_PIC = NO;
				GCC_NO_COMMON_BLOCKS = YES;
				GCC_OPTIMIZATION_LEVEL = 0;
				GCC_PREPROCESSOR_DEFINITIONS = (
					"DEBUG=1",
					"$(inherited)",
				);
				GCC_WARN_64_TO_32_BIT_CONVERSION = YES;
				GCC_WARN_ABOUT_RETURN_TYPE = YES_ERROR;
				GCC_WARN_UNDECLARED_SELECTOR = YES;
				GCC_WARN_UNINITIALIZED_AUTOS = YES_AGGRESSIVE;
				GCC_WARN_UNUSED_FUNCTION = YES;
				GCC_WARN_UNUSED_VARIABLE = YES;
				IPHONEOS_DEPLOYMENT_TARGET = 13.1;
				MTL_ENABLE_DEBUG_INFO = INCLUDE_SOURCE;
				MTL_FAST_MATH = YES;
				ONLY_ACTIVE_ARCH = YES;
				SDKROOT = iphoneos;
				SWIFT_ACTIVE_COMPILATION_CONDITIONS = DEBUG;
				SWIFT_OPTIMIZATION_LEVEL = "-Onone";
			};
			name = Debug;
		};
		3E9DADBD2350CAAF00AAEF60 /* Release */ = {
			isa = XCBuildConfiguration;
			buildSettings = {
				ALWAYS_SEARCH_USER_PATHS = NO;
				CLANG_ANALYZER_NONNULL = YES;
				CLANG_ANALYZER_NUMBER_OBJECT_CONVERSION = YES_AGGRESSIVE;
				CLANG_CXX_LANGUAGE_STANDARD = "gnu++14";
				CLANG_CXX_LIBRARY = "libc++";
				CLANG_ENABLE_MODULES = YES;
				CLANG_ENABLE_OBJC_ARC = YES;
				CLANG_ENABLE_OBJC_WEAK = YES;
				CLANG_WARN_BLOCK_CAPTURE_AUTORELEASING = YES;
				CLANG_WARN_BOOL_CONVERSION = YES;
				CLANG_WARN_COMMA = YES;
				CLANG_WARN_CONSTANT_CONVERSION = YES;
				CLANG_WARN_DEPRECATED_OBJC_IMPLEMENTATIONS = YES;
				CLANG_WARN_DIRECT_OBJC_ISA_USAGE = YES_ERROR;
				CLANG_WARN_DOCUMENTATION_COMMENTS = YES;
				CLANG_WARN_EMPTY_BODY = YES;
				CLANG_WARN_ENUM_CONVERSION = YES;
				CLANG_WARN_INFINITE_RECURSION = YES;
				CLANG_WARN_INT_CONVERSION = YES;
				CLANG_WARN_NON_LITERAL_NULL_CONVERSION = YES;
				CLANG_WARN_OBJC_IMPLICIT_RETAIN_SELF = YES;
				CLANG_WARN_OBJC_LITERAL_CONVERSION = YES;
				CLANG_WARN_OBJC_ROOT_CLASS = YES_ERROR;
				CLANG_WARN_RANGE_LOOP_ANALYSIS = YES;
				CLANG_WARN_STRICT_PROTOTYPES = YES;
				CLANG_WARN_SUSPICIOUS_MOVE = YES;
				CLANG_WARN_UNGUARDED_AVAILABILITY = YES_AGGRESSIVE;
				CLANG_WARN_UNREACHABLE_CODE = YES;
				CLANG_WARN__DUPLICATE_METHOD_MATCH = YES;
				COPY_PHASE_STRIP = NO;
				DEBUG_INFORMATION_FORMAT = "dwarf-with-dsym";
				ENABLE_NS_ASSERTIONS = NO;
				ENABLE_STRICT_OBJC_MSGSEND = YES;
				GCC_C_LANGUAGE_STANDARD = gnu11;
				GCC_NO_COMMON_BLOCKS = YES;
				GCC_WARN_64_TO_32_BIT_CONVERSION = YES;
				GCC_WARN_ABOUT_RETURN_TYPE = YES_ERROR;
				GCC_WARN_UNDECLARED_SELECTOR = YES;
				GCC_WARN_UNINITIALIZED_AUTOS = YES_AGGRESSIVE;
				GCC_WARN_UNUSED_FUNCTION = YES;
				GCC_WARN_UNUSED_VARIABLE = YES;
				IPHONEOS_DEPLOYMENT_TARGET = 13.1;
				MTL_ENABLE_DEBUG_INFO = NO;
				MTL_FAST_MATH = YES;
				SDKROOT = iphoneos;
				SWIFT_COMPILATION_MODE = wholemodule;
				SWIFT_OPTIMIZATION_LEVEL = "-O";
				VALIDATE_PRODUCT = YES;
			};
			name = Release;
		};
		3E9DADBF2350CAAF00AAEF60 /* Debug */ = {
			isa = XCBuildConfiguration;
			buildSettings = {
				ASSETCATALOG_COMPILER_APPICON_NAME = AppIcon;
				CODE_SIGN_STYLE = Automatic;
				DEVELOPMENT_TEAM = CK9E825M33;
				INFOPLIST_FILE = SampleProjet/Info.plist;
				LD_RUNPATH_SEARCH_PATHS = (
					"$(inherited)",
					"@executable_path/Frameworks",
				);
				PRODUCT_BUNDLE_IDENTIFIER = com.macspots.SampleProjet;
				PRODUCT_NAME = "$(TARGET_NAME)";
				SWIFT_VERSION = 5.0;
				TARGETED_DEVICE_FAMILY = "1,2";
			};
			name = Debug;
		};
		3E9DADC02350CAAF00AAEF60 /* Release */ = {
			isa = XCBuildConfiguration;
			buildSettings = {
				ASSETCATALOG_COMPILER_APPICON_NAME = AppIcon;
				CODE_SIGN_STYLE = Automatic;
				DEVELOPMENT_TEAM = CK9E825M33;
				INFOPLIST_FILE = SampleProjet/Info.plist;
				LD_RUNPATH_SEARCH_PATHS = (
					"$(inherited)",
					"@executable_path/Frameworks",
				);
				PRODUCT_BUNDLE_IDENTIFIER = com.macspots.SampleProjet;
				PRODUCT_NAME = "$(TARGET_NAME)";
				SWIFT_VERSION = 5.0;
				TARGETED_DEVICE_FAMILY = "1,2";
			};
			name = Release;
		};
/* End XCBuildConfiguration section */

/* Begin XCConfigurationList section */
		3E9DADA52350CAAE00AAEF60 /* Build configuration list for PBXProject "SampleProjet" */ = {
			isa = XCConfigurationList;
			buildConfigurations = (
				3E9DADBC2350CAAF00AAEF60 /* Debug */,
				3E9DADBD2350CAAF00AAEF60 /* Release */,
			);
			defaultConfigurationIsVisible = 0;
			defaultConfigurationName = Release;
		};
		3E9DADBE2350CAAF00AAEF60 /* Build configuration list for PBXNativeTarget "SampleProjet" */ = {
			isa = XCConfigurationList;
			buildConfigurations = (
				3E9DADBF2350CAAF00AAEF60 /* Debug */,
				3E9DADC02350CAAF00AAEF60 /* Release */,
			);
			defaultConfigurationIsVisible = 0;
			defaultConfigurationName = Release;
		};
/* End XCConfigurationList section */
	};
	rootObject = 3E9DADA22350CAAE00AAEF60 /* Project object */;
}
